
Microsoft Visual Studio Solution File, Format Version 12.00
# Visual Studio Version 17
VisualStudioVersion = 17.4.33213.308
MinimumVisualStudioVersion = 10.0.40219.1
Project("{FAE04EC0-301F-11D3-BF4B-00C04F79EFBC}") = "TestProject", "TestProject\TestProject.csproj", "{50EAA966-4CBB-4494-9C4D-8EE9DAA44108}"
EndProject
Project("{FAE04EC0-301F-11D3-BF4B-00C04F79EFBC}") = "Training", "Training\Training.csproj", "{014CC14B-1DB9-4BA6-A27A-BC8EE042F17C}"
EndProject
Global
	GlobalSection(SolutionConfigurationPlatforms) = preSolution
		Debug|Any CPU = Debug|Any CPU
		Release|Any CPU = Release|Any CPU
	EndGlobalSection
	GlobalSection(ProjectConfigurationPlatforms) = postSolution
		{50EAA966-4CBB-4494-9C4D-8EE9DAA44108}.Debug|Any CPU.ActiveCfg = Debug|Any CPU
		{50EAA966-4CBB-4494-9C4D-8EE9DAA44108}.Debug|Any CPU.Build.0 = Debug|Any CPU
		{50EAA966-4CBB-4494-9C4D-8EE9DAA44108}.Release|Any CPU.ActiveCfg = Release|Any CPU
		{50EAA966-4CBB-4494-9C4D-8EE9DAA44108}.Release|Any CPU.Build.0 = Release|Any CPU
		{014CC14B-1DB9-4BA6-A27A-BC8EE042F17C}.Debug|Any CPU.ActiveCfg = Debug|Any CPU
		{014CC14B-1DB9-4BA6-A27A-BC8EE042F17C}.Debug|Any CPU.Build.0 = Debug|Any CPU
		{014CC14B-1DB9-4BA6-A27A-BC8EE042F17C}.Release|Any CPU.ActiveCfg = Release|Any CPU
		{014CC14B-1DB9-4BA6-A27A-BC8EE042F17C}.Release|Any CPU.Build.0 = Release|Any CPU
	EndGlobalSection
	GlobalSection(SolutionProperties) = preSolution
		HideSolutionNode = FALSE
	EndGlobalSection
	GlobalSection(ExtensibilityGlobals) = postSolution
		SolutionGuid = {CAC509F3-948A-4AC6-80A4-E371CECFA22E}
	EndGlobalSection
EndGlobal
