
Microsoft Visual Studio Solution File, Format Version 12.00
# Visual Studio Version 17
VisualStudioVersion = 17.4.33213.308
MinimumVisualStudioVersion = 10.0.40219.1
Project("{9A19103F-16F7-4668-BE54-9A1E7A4F7556}") = "Training", "Training.csproj", "{9CF8E1AD-49CE-4C97-829D-CABF73AF8AA8}"
EndProject
Project("{9A19103F-16F7-4668-BE54-9A1E7A4F7556}") = "QueueTest", "QueueTest\QueueTest.csproj", "{EF4FE284-7FA7-44C4-9A4E-C248B8389584}"
EndProject
Global
	GlobalSection(SolutionConfigurationPlatforms) = preSolution
		Debug|Any CPU = Debug|Any CPU
		Release|Any CPU = Release|Any CPU
	EndGlobalSection
	GlobalSection(ProjectConfigurationPlatforms) = postSolution
		{9CF8E1AD-49CE-4C97-829D-CABF73AF8AA8}.Debug|Any CPU.ActiveCfg = Debug|Any CPU
		{9CF8E1AD-49CE-4C97-829D-CABF73AF8AA8}.Debug|Any CPU.Build.0 = Debug|Any CPU
		{9CF8E1AD-49CE-4C97-829D-CABF73AF8AA8}.Release|Any CPU.ActiveCfg = Release|Any CPU
		{9CF8E1AD-49CE-4C97-829D-CABF73AF8AA8}.Release|Any CPU.Build.0 = Release|Any CPU
		{EF4FE284-7FA7-44C4-9A4E-C248B8389584}.Debug|Any CPU.ActiveCfg = Debug|Any CPU
		{EF4FE284-7FA7-44C4-9A4E-C248B8389584}.Debug|Any CPU.Build.0 = Debug|Any CPU
		{EF4FE284-7FA7-44C4-9A4E-C248B8389584}.Release|Any CPU.ActiveCfg = Release|Any CPU
		{EF4FE284-7FA7-44C4-9A4E-C248B8389584}.Release|Any CPU.Build.0 = Release|Any CPU
	EndGlobalSection
	GlobalSection(SolutionProperties) = preSolution
		HideSolutionNode = FALSE
	EndGlobalSection
	GlobalSection(ExtensibilityGlobals) = postSolution
		SolutionGuid = {CAC509F3-948A-4AC6-80A4-E371CECFA22E}
	EndGlobalSection
EndGlobal
